
Microsoft Visual Studio Solution File, Format Version 12.00
# Visual Studio Version 17
VisualStudioVersion = 17.3.32929.385
MinimumVisualStudioVersion = 10.0.40219.1
Project("{FAE04EC0-301F-11D3-BF4B-00C04F79EFBC}") = "Backend", "Backend\Backend.csproj", "{534CDBCD-E7C3-41EF-9120-5E918ECBD967}"
EndProject
Global
	GlobalSection(SolutionConfigurationPlatforms) = preSolution
		Debug|Any CPU = Debug|Any CPU
		Release|Any CPU = Release|Any CPU
	EndGlobalSection
	GlobalSection(ProjectConfigurationPlatforms) = postSolution
		{534CDBCD-E7C3-41EF-9120-5E918ECBD967}.Debug|Any CPU.ActiveCfg = Debug|Any CPU
		{534CDBCD-E7C3-41EF-9120-5E918ECBD967}.Debug|Any CPU.Build.0 = Debug|Any CPU
		{534CDBCD-E7C3-41EF-9120-5E918ECBD967}.Release|Any CPU.ActiveCfg = Release|Any CPU
		{534CDBCD-E7C3-41EF-9120-5E918ECBD967}.Release|Any CPU.Build.0 = Release|Any CPU
	EndGlobalSection
	GlobalSection(SolutionProperties) = preSolution
		HideSolutionNode = FALSE
	EndGlobalSection
	GlobalSection(ExtensibilityGlobals) = postSolution
		SolutionGuid = {DF4CF3C7-AF81-4B92-988D-B7FA9D9E9428}
	EndGlobalSection
EndGlobal
